
Microsoft Visual Studio Solution File, Format Version 12.00
# Visual Studio Version 17
VisualStudioVersion = 17.14.36705.20 d17.14
MinimumVisualStudioVersion = 10.0.40219.1
Project("{FAE04EC0-301F-11D3-BF4B-00C04F79EFBC}") = "TelegramAPI", "TelegramAPI\TelegramAPI.csproj", "{DD4630DF-D292-4509-9535-7107CC71FF17}"
EndProject
Project("{FAE04EC0-301F-11D3-BF4B-00C04F79EFBC}") = "ConsoleUI", "ConsoleUI\ConsoleUI.csproj", "{1B33B5E8-FDBA-475C-A215-7898F1155533}"
EndProject
Global
	GlobalSection(SolutionConfigurationPlatforms) = preSolution
		Debug|Any CPU = Debug|Any CPU
		Release|Any CPU = Release|Any CPU
	EndGlobalSection
	GlobalSection(ProjectConfigurationPlatforms) = postSolution
		{DD4630DF-D292-4509-9535-7107CC71FF17}.Debug|Any CPU.ActiveCfg = Debug|Any CPU
		{DD4630DF-D292-4509-9535-7107CC71FF17}.Debug|Any CPU.Build.0 = Debug|Any CPU
		{DD4630DF-D292-4509-9535-7107CC71FF17}.Release|Any CPU.ActiveCfg = Release|Any CPU
		{DD4630DF-D292-4509-9535-7107CC71FF17}.Release|Any CPU.Build.0 = Release|Any CPU
		{1B33B5E8-FDBA-475C-A215-7898F1155533}.Debug|Any CPU.ActiveCfg = Debug|Any CPU
		{1B33B5E8-FDBA-475C-A215-7898F1155533}.Debug|Any CPU.Build.0 = Debug|Any CPU
		{1B33B5E8-FDBA-475C-A215-7898F1155533}.Release|Any CPU.ActiveCfg = Release|Any CPU
		{1B33B5E8-FDBA-475C-A215-7898F1155533}.Release|Any CPU.Build.0 = Release|Any CPU
	EndGlobalSection
	GlobalSection(SolutionProperties) = preSolution
		HideSolutionNode = FALSE
	EndGlobalSection
	GlobalSection(ExtensibilityGlobals) = postSolution
		SolutionGuid = {87D5F090-A019-4CC6-92CD-CB2175E2A254}
	EndGlobalSection
EndGlobal
